
Microsoft Visual Studio Solution File, Format Version 12.00
# Visual Studio 14
VisualStudioVersion = 14.0.25420.1
MinimumVisualStudioVersion = 10.0.40219.1
Project("{2150E333-8FDC-42A3-9474-1A3956D46DE8}") = "src", "src", "{C019A3B6-20E6-45B3-AEE8-8BFB71D218E3}"
EndProject
Project("{2150E333-8FDC-42A3-9474-1A3956D46DE8}") = "Solution Items", "Solution Items", "{1E4CA6A2-B209-4D16-B58B-B9166225F50C}"
	ProjectSection(SolutionItems) = preProject
		global.json = global.json
	EndProjectSection
EndProject
Project("{8BB2217D-0F2D-49D1-97BC-3654ED321F3B}") = "ErpMultitenancy.UI", "src\ErpMultitenancy.UI\ErpMultitenancy.UI.xproj", "{CBBE13CE-1F3E-4ACC-8D51-840CA4C75574}"
EndProject
Project("{8BB2217D-0F2D-49D1-97BC-3654ED321F3B}") = "ErpMultitenancy.API", "src\ErpMultitenancy.API\ErpMultitenancy.API.xproj", "{C7F4E66E-372F-465F-A819-2AD5C427C4EA}"
EndProject
Project("{8BB2217D-0F2D-49D1-97BC-3654ED321F3B}") = "ErpMultitenancy.Tenancy.Domain", "src\ErpMultitenancy.Tenancy.Domain\ErpMultitenancy.Tenancy.Domain.xproj", "{7D7D3EF8-247F-474F-841D-2A9A1BE13E2D}"
EndProject
Project("{2150E333-8FDC-42A3-9474-1A3956D46DE8}") = "00 - UI", "00 - UI", "{DC47E208-02FF-48D0-94A8-C8F8C22B1928}"
EndProject
Project("{2150E333-8FDC-42A3-9474-1A3956D46DE8}") = "01 - API", "01 - API", "{73ADDDB2-B3BA-4714-B713-04EEA9826786}"
EndProject
Project("{2150E333-8FDC-42A3-9474-1A3956D46DE8}") = "02 - Domain", "02 - Domain", "{D56EED10-01D5-4869-9A04-2A5176E094FB}"
EndProject
Project("{8BB2217D-0F2D-49D1-97BC-3654ED321F3B}") = "ErpMultitenancy.Tenancy.Repository", "ErpMultitenancy.Tenancy.Repository\ErpMultitenancy.Tenancy.Repository.xproj", "{D1F3F481-0799-4DC8-A77B-259B09C63899}"
EndProject
Global
	GlobalSection(SolutionConfigurationPlatforms) = preSolution
		Debug|Any CPU = Debug|Any CPU
		Release|Any CPU = Release|Any CPU
	EndGlobalSection
	GlobalSection(ProjectConfigurationPlatforms) = postSolution
		{CBBE13CE-1F3E-4ACC-8D51-840CA4C75574}.Debug|Any CPU.ActiveCfg = Debug|Any CPU
		{CBBE13CE-1F3E-4ACC-8D51-840CA4C75574}.Debug|Any CPU.Build.0 = Debug|Any CPU
		{CBBE13CE-1F3E-4ACC-8D51-840CA4C75574}.Release|Any CPU.ActiveCfg = Release|Any CPU
		{CBBE13CE-1F3E-4ACC-8D51-840CA4C75574}.Release|Any CPU.Build.0 = Release|Any CPU
		{C7F4E66E-372F-465F-A819-2AD5C427C4EA}.Debug|Any CPU.ActiveCfg = Debug|Any CPU
		{C7F4E66E-372F-465F-A819-2AD5C427C4EA}.Debug|Any CPU.Build.0 = Debug|Any CPU
		{C7F4E66E-372F-465F-A819-2AD5C427C4EA}.Release|Any CPU.ActiveCfg = Release|Any CPU
		{C7F4E66E-372F-465F-A819-2AD5C427C4EA}.Release|Any CPU.Build.0 = Release|Any CPU
		{7D7D3EF8-247F-474F-841D-2A9A1BE13E2D}.Debug|Any CPU.ActiveCfg = Debug|Any CPU
		{7D7D3EF8-247F-474F-841D-2A9A1BE13E2D}.Debug|Any CPU.Build.0 = Debug|Any CPU
		{7D7D3EF8-247F-474F-841D-2A9A1BE13E2D}.Release|Any CPU.ActiveCfg = Release|Any CPU
		{7D7D3EF8-247F-474F-841D-2A9A1BE13E2D}.Release|Any CPU.Build.0 = Release|Any CPU
		{D1F3F481-0799-4DC8-A77B-259B09C63899}.Debug|Any CPU.ActiveCfg = Debug|Any CPU
		{D1F3F481-0799-4DC8-A77B-259B09C63899}.Debug|Any CPU.Build.0 = Debug|Any CPU
		{D1F3F481-0799-4DC8-A77B-259B09C63899}.Release|Any CPU.ActiveCfg = Release|Any CPU
		{D1F3F481-0799-4DC8-A77B-259B09C63899}.Release|Any CPU.Build.0 = Release|Any CPU
	EndGlobalSection
	GlobalSection(SolutionProperties) = preSolution
		HideSolutionNode = FALSE
	EndGlobalSection
	GlobalSection(NestedProjects) = preSolution
		{CBBE13CE-1F3E-4ACC-8D51-840CA4C75574} = {DC47E208-02FF-48D0-94A8-C8F8C22B1928}
		{C7F4E66E-372F-465F-A819-2AD5C427C4EA} = {73ADDDB2-B3BA-4714-B713-04EEA9826786}
		{7D7D3EF8-247F-474F-841D-2A9A1BE13E2D} = {D56EED10-01D5-4869-9A04-2A5176E094FB}
		{DC47E208-02FF-48D0-94A8-C8F8C22B1928} = {C019A3B6-20E6-45B3-AEE8-8BFB71D218E3}
		{73ADDDB2-B3BA-4714-B713-04EEA9826786} = {C019A3B6-20E6-45B3-AEE8-8BFB71D218E3}
		{D56EED10-01D5-4869-9A04-2A5176E094FB} = {C019A3B6-20E6-45B3-AEE8-8BFB71D218E3}
		{D1F3F481-0799-4DC8-A77B-259B09C63899} = {D56EED10-01D5-4869-9A04-2A5176E094FB}
	EndGlobalSection
EndGlobal
